
Microsoft Visual Studio Solution File, Format Version 12.00
# Visual Studio 14
VisualStudioVersion = 14.0.25420.1
MinimumVisualStudioVersion = 10.0.40219.1
Project("{8BC9CEB8-8B4A-11D0-8D11-00A0C91BC942}") = "1_OTP", "1_OTP\1_OTP.vcxproj", "{F4BC8F52-0298-454A-95AD-CDB6BB7789D4}"
EndProject
Project("{8BC9CEB8-8B4A-11D0-8D11-00A0C91BC942}") = "2_Process", "2_Process\2_Process.vcxproj", "{4FA44C36-850E-499F-AB78-011D95AF342E}"
EndProject
Project("{8BC9CEB8-8B4A-11D0-8D11-00A0C91BC942}") = "3_DES", "3_DES\3_DES.vcxproj", "{6A2B2F9B-297D-40A6-BD95-8F56F149DC46}"
EndProject
Project("{8BC9CEB8-8B4A-11D0-8D11-00A0C91BC942}") = "4_AES", "4_AES\4_AES.vcxproj", "{E3C40DD2-201D-4030-8846-64E63084FC01}"
EndProject
Project("{8BC9CEB8-8B4A-11D0-8D11-00A0C91BC942}") = "5_RC4", "5_RC4\5_RC4.vcxproj", "{DC36C85F-395E-42AE-91A2-2E4F7CB1C05D}"
EndProject
Project("{8BC9CEB8-8B4A-11D0-8D11-00A0C91BC942}") = "6_RSA", "6_RSA\6_RSA.vcxproj", "{A81517D7-C685-472E-8140-0FC89577ECF5}"
EndProject
Project("{8BC9CEB8-8B4A-11D0-8D11-00A0C91BC942}") = "7_MyHash", "7_MyHash\7_MyHash.vcxproj", "{CE545C5C-BE9D-4C97-BDDB-82599D39641B}"
EndProject
Project("{8BC9CEB8-8B4A-11D0-8D11-00A0C91BC942}") = "8_SHA256", "8_SHA256\8_SHA256.vcxproj", "{AA583DBB-5363-4B2C-B9F8-42683260690A}"
EndProject
Project("{8BC9CEB8-8B4A-11D0-8D11-00A0C91BC942}") = "9_Entropy", "9_Entropy\9_Entropy.vcxproj", "{ADF8EB2A-C948-4CD9-B494-69B04D345FD4}"
EndProject
Project("{8BC9CEB8-8B4A-11D0-8D11-00A0C91BC942}") = "10_HashTable", "10_HashTable\10_HashTable.vcxproj", "{26C26B74-FFA6-40B1-80F1-B879D74A1D84}"
EndProject
Project("{8BC9CEB8-8B4A-11D0-8D11-00A0C91BC942}") = "11_MITM", "11_MITM\11_MITM.vcxproj", "{9590CAF8-BA6C-42C5-8F41-9695A695E874}"
EndProject
Project("{8BC9CEB8-8B4A-11D0-8D11-00A0C91BC942}") = "12_Diffie-Hellman", "12_Diffie-Hellman\12_Diffie-Hellman.vcxproj", "{59E209E7-0007-411C-81DD-5BA15D28AE17}"
EndProject
Project("{8BC9CEB8-8B4A-11D0-8D11-00A0C91BC942}") = "13_KeyGen", "13_KeyGen\13_KeyGen.vcxproj", "{D7FB27FF-1838-45A5-A226-79F41FCC0C3D}"
EndProject
Global
	GlobalSection(SolutionConfigurationPlatforms) = preSolution
		Debug|x64 = Debug|x64
		Debug|x86 = Debug|x86
		Release|x64 = Release|x64
		Release|x86 = Release|x86
	EndGlobalSection
	GlobalSection(ProjectConfigurationPlatforms) = postSolution
		{F4BC8F52-0298-454A-95AD-CDB6BB7789D4}.Debug|x64.ActiveCfg = Debug|x64
		{F4BC8F52-0298-454A-95AD-CDB6BB7789D4}.Debug|x64.Build.0 = Debug|x64
		{F4BC8F52-0298-454A-95AD-CDB6BB7789D4}.Debug|x86.ActiveCfg = Debug|Win32
		{F4BC8F52-0298-454A-95AD-CDB6BB7789D4}.Debug|x86.Build.0 = Debug|Win32
		{F4BC8F52-0298-454A-95AD-CDB6BB7789D4}.Release|x64.ActiveCfg = Release|x64
		{F4BC8F52-0298-454A-95AD-CDB6BB7789D4}.Release|x64.Build.0 = Release|x64
		{F4BC8F52-0298-454A-95AD-CDB6BB7789D4}.Release|x86.ActiveCfg = Release|Win32
		{F4BC8F52-0298-454A-95AD-CDB6BB7789D4}.Release|x86.Build.0 = Release|Win32
		{4FA44C36-850E-499F-AB78-011D95AF342E}.Debug|x64.ActiveCfg = Debug|x64
		{4FA44C36-850E-499F-AB78-011D95AF342E}.Debug|x64.Build.0 = Debug|x64
		{4FA44C36-850E-499F-AB78-011D95AF342E}.Debug|x86.ActiveCfg = Debug|Win32
		{4FA44C36-850E-499F-AB78-011D95AF342E}.Debug|x86.Build.0 = Debug|Win32
		{4FA44C36-850E-499F-AB78-011D95AF342E}.Release|x64.ActiveCfg = Release|x64
		{4FA44C36-850E-499F-AB78-011D95AF342E}.Release|x64.Build.0 = Release|x64
		{4FA44C36-850E-499F-AB78-011D95AF342E}.Release|x86.ActiveCfg = Release|Win32
		{4FA44C36-850E-499F-AB78-011D95AF342E}.Release|x86.Build.0 = Release|Win32
		{6A2B2F9B-297D-40A6-BD95-8F56F149DC46}.Debug|x64.ActiveCfg = Debug|x64
		{6A2B2F9B-297D-40A6-BD95-8F56F149DC46}.Debug|x64.Build.0 = Debug|x64
		{6A2B2F9B-297D-40A6-BD95-8F56F149DC46}.Debug|x86.ActiveCfg = Debug|Win32
		{6A2B2F9B-297D-40A6-BD95-8F56F149DC46}.Debug|x86.Build.0 = Debug|Win32
		{6A2B2F9B-297D-40A6-BD95-8F56F149DC46}.Release|x64.ActiveCfg = Release|x64
		{6A2B2F9B-297D-40A6-BD95-8F56F149DC46}.Release|x64.Build.0 = Release|x64
		{6A2B2F9B-297D-40A6-BD95-8F56F149DC46}.Release|x86.ActiveCfg = Release|Win32
		{6A2B2F9B-297D-40A6-BD95-8F56F149DC46}.Release|x86.Build.0 = Release|Win32
		{E3C40DD2-201D-4030-8846-64E63084FC01}.Debug|x64.ActiveCfg = Debug|x64
		{E3C40DD2-201D-4030-8846-64E63084FC01}.Debug|x64.Build.0 = Debug|x64
		{E3C40DD2-201D-4030-8846-64E63084FC01}.Debug|x86.ActiveCfg = Debug|Win32
		{E3C40DD2-201D-4030-8846-64E63084FC01}.Debug|x86.Build.0 = Debug|Win32
		{E3C40DD2-201D-4030-8846-64E63084FC01}.Release|x64.ActiveCfg = Release|x64
		{E3C40DD2-201D-4030-8846-64E63084FC01}.Release|x64.Build.0 = Release|x64
		{E3C40DD2-201D-4030-8846-64E63084FC01}.Release|x86.ActiveCfg = Release|Win32
		{E3C40DD2-201D-4030-8846-64E63084FC01}.Release|x86.Build.0 = Release|Win32
		{DC36C85F-395E-42AE-91A2-2E4F7CB1C05D}.Debug|x64.ActiveCfg = Debug|x64
		{DC36C85F-395E-42AE-91A2-2E4F7CB1C05D}.Debug|x64.Build.0 = Debug|x64
		{DC36C85F-395E-42AE-91A2-2E4F7CB1C05D}.Debug|x86.ActiveCfg = Debug|Win32
		{DC36C85F-395E-42AE-91A2-2E4F7CB1C05D}.Debug|x86.Build.0 = Debug|Win32
		{DC36C85F-395E-42AE-91A2-2E4F7CB1C05D}.Release|x64.ActiveCfg = Release|x64
		{DC36C85F-395E-42AE-91A2-2E4F7CB1C05D}.Release|x64.Build.0 = Release|x64
		{DC36C85F-395E-42AE-91A2-2E4F7CB1C05D}.Release|x86.ActiveCfg = Release|Win32
		{DC36C85F-395E-42AE-91A2-2E4F7CB1C05D}.Release|x86.Build.0 = Release|Win32
		{A81517D7-C685-472E-8140-0FC89577ECF5}.Debug|x64.ActiveCfg = Debug|x64
		{A81517D7-C685-472E-8140-0FC89577ECF5}.Debug|x64.Build.0 = Debug|x64
		{A81517D7-C685-472E-8140-0FC89577ECF5}.Debug|x86.ActiveCfg = Debug|Win32
		{A81517D7-C685-472E-8140-0FC89577ECF5}.Debug|x86.Build.0 = Debug|Win32
		{A81517D7-C685-472E-8140-0FC89577ECF5}.Release|x64.ActiveCfg = Release|x64
		{A81517D7-C685-472E-8140-0FC89577ECF5}.Release|x64.Build.0 = Release|x64
		{A81517D7-C685-472E-8140-0FC89577ECF5}.Release|x86.ActiveCfg = Release|Win32
		{A81517D7-C685-472E-8140-0FC89577ECF5}.Release|x86.Build.0 = Release|Win32
		{CE545C5C-BE9D-4C97-BDDB-82599D39641B}.Debug|x64.ActiveCfg = Debug|x64
		{CE545C5C-BE9D-4C97-BDDB-82599D39641B}.Debug|x64.Build.0 = Debug|x64
		{CE545C5C-BE9D-4C97-BDDB-82599D39641B}.Debug|x86.ActiveCfg = Debug|Win32
		{CE545C5C-BE9D-4C97-BDDB-82599D39641B}.Debug|x86.Build.0 = Debug|Win32
		{CE545C5C-BE9D-4C97-BDDB-82599D39641B}.Release|x64.ActiveCfg = Release|x64
		{CE545C5C-BE9D-4C97-BDDB-82599D39641B}.Release|x64.Build.0 = Release|x64
		{CE545C5C-BE9D-4C97-BDDB-82599D39641B}.Release|x86.ActiveCfg = Release|Win32
		{CE545C5C-BE9D-4C97-BDDB-82599D39641B}.Release|x86.Build.0 = Release|Win32
		{AA583DBB-5363-4B2C-B9F8-42683260690A}.Debug|x64.ActiveCfg = Debug|x64
		{AA583DBB-5363-4B2C-B9F8-42683260690A}.Debug|x64.Build.0 = Debug|x64
		{AA583DBB-5363-4B2C-B9F8-42683260690A}.Debug|x86.ActiveCfg = Debug|Win32
		{AA583DBB-5363-4B2C-B9F8-42683260690A}.Debug|x86.Build.0 = Debug|Win32
		{AA583DBB-5363-4B2C-B9F8-42683260690A}.Release|x64.ActiveCfg = Release|x64
		{AA583DBB-5363-4B2C-B9F8-42683260690A}.Release|x64.Build.0 = Release|x64
		{AA583DBB-5363-4B2C-B9F8-42683260690A}.Release|x86.ActiveCfg = Release|Win32
		{AA583DBB-5363-4B2C-B9F8-42683260690A}.Release|x86.Build.0 = Release|Win32
		{ADF8EB2A-C948-4CD9-B494-69B04D345FD4}.Debug|x64.ActiveCfg = Debug|x64
		{ADF8EB2A-C948-4CD9-B494-69B04D345FD4}.Debug|x64.Build.0 = Debug|x64
		{ADF8EB2A-C948-4CD9-B494-69B04D345FD4}.Debug|x86.ActiveCfg = Debug|Win32
		{ADF8EB2A-C948-4CD9-B494-69B04D345FD4}.Debug|x86.Build.0 = Debug|Win32
		{ADF8EB2A-C948-4CD9-B494-69B04D345FD4}.Release|x64.ActiveCfg = Release|x64
		{ADF8EB2A-C948-4CD9-B494-69B04D345FD4}.Release|x64.Build.0 = Release|x64
		{ADF8EB2A-C948-4CD9-B494-69B04D345FD4}.Release|x86.ActiveCfg = Release|Win32
		{ADF8EB2A-C948-4CD9-B494-69B04D345FD4}.Release|x86.Build.0 = Release|Win32
		{26C26B74-FFA6-40B1-80F1-B879D74A1D84}.Debug|x64.ActiveCfg = Debug|x64
		{26C26B74-FFA6-40B1-80F1-B879D74A1D84}.Debug|x64.Build.0 = Debug|x64
		{26C26B74-FFA6-40B1-80F1-B879D74A1D84}.Debug|x86.ActiveCfg = Debug|Win32
		{26C26B74-FFA6-40B1-80F1-B879D74A1D84}.Debug|x86.Build.0 = Debug|Win32
		{26C26B74-FFA6-40B1-80F1-B879D74A1D84}.Release|x64.ActiveCfg = Release|x64
		{26C26B74-FFA6-40B1-80F1-B879D74A1D84}.Release|x64.Build.0 = Release|x64
		{26C26B74-FFA6-40B1-80F1-B879D74A1D84}.Release|x86.ActiveCfg = Release|Win32
		{26C26B74-FFA6-40B1-80F1-B879D74A1D84}.Release|x86.Build.0 = Release|Win32
		{9590CAF8-BA6C-42C5-8F41-9695A695E874}.Debug|x64.ActiveCfg = Debug|x64
		{9590CAF8-BA6C-42C5-8F41-9695A695E874}.Debug|x64.Build.0 = Debug|x64
		{9590CAF8-BA6C-42C5-8F41-9695A695E874}.Debug|x86.ActiveCfg = Debug|Win32
		{9590CAF8-BA6C-42C5-8F41-9695A695E874}.Debug|x86.Build.0 = Debug|Win32
		{9590CAF8-BA6C-42C5-8F41-9695A695E874}.Release|x64.ActiveCfg = Release|x64
		{9590CAF8-BA6C-42C5-8F41-9695A695E874}.Release|x64.Build.0 = Release|x64
		{9590CAF8-BA6C-42C5-8F41-9695A695E874}.Release|x86.ActiveCfg = Release|Win32
		{9590CAF8-BA6C-42C5-8F41-9695A695E874}.Release|x86.Build.0 = Release|Win32
		{59E209E7-0007-411C-81DD-5BA15D28AE17}.Debug|x64.ActiveCfg = Debug|x64
		{59E209E7-0007-411C-81DD-5BA15D28AE17}.Debug|x64.Build.0 = Debug|x64
		{59E209E7-0007-411C-81DD-5BA15D28AE17}.Debug|x86.ActiveCfg = Debug|Win32
		{59E209E7-0007-411C-81DD-5BA15D28AE17}.Debug|x86.Build.0 = Debug|Win32
		{59E209E7-0007-411C-81DD-5BA15D28AE17}.Release|x64.ActiveCfg = Release|x64
		{59E209E7-0007-411C-81DD-5BA15D28AE17}.Release|x64.Build.0 = Release|x64
		{59E209E7-0007-411C-81DD-5BA15D28AE17}.Release|x86.ActiveCfg = Release|Win32
		{59E209E7-0007-411C-81DD-5BA15D28AE17}.Release|x86.Build.0 = Release|Win32
		{D7FB27FF-1838-45A5-A226-79F41FCC0C3D}.Debug|x64.ActiveCfg = Debug|x64
		{D7FB27FF-1838-45A5-A226-79F41FCC0C3D}.Debug|x64.Build.0 = Debug|x64
		{D7FB27FF-1838-45A5-A226-79F41FCC0C3D}.Debug|x86.ActiveCfg = Debug|Win32
		{D7FB27FF-1838-45A5-A226-79F41FCC0C3D}.Debug|x86.Build.0 = Debug|Win32
		{D7FB27FF-1838-45A5-A226-79F41FCC0C3D}.Release|x64.ActiveCfg = Release|x64
		{D7FB27FF-1838-45A5-A226-79F41FCC0C3D}.Release|x64.Build.0 = Release|x64
		{D7FB27FF-1838-45A5-A226-79F41FCC0C3D}.Release|x86.ActiveCfg = Release|Win32
		{D7FB27FF-1838-45A5-A226-79F41FCC0C3D}.Release|x86.Build.0 = Release|Win32
	EndGlobalSection
	GlobalSection(SolutionProperties) = preSolution
		HideSolutionNode = FALSE
	EndGlobalSection
EndGlobal
